// !$*UTF8*$!
{
	archiveVersion = 1;
	classes = {
	};
	objectVersion = 56;
	objects = {

/* Begin PBXBuildFile section */
		880038BB296E532800FE6549 /* QueueTest.cpp in Sources */ = {isa = PBXBuildFile; fileRef = 880038B9296E532800FE6549 /* QueueTest.cpp */; };
		880913AE2998888000108391 /* MiniStack.cpp in Sources */ = {isa = PBXBuildFile; fileRef = 880913AC2998888000108391 /* MiniStack.cpp */; };
		880913B12998945100108391 /* StackOperateSequence.cpp in Sources */ = {isa = PBXBuildFile; fileRef = 880913AF2998945100108391 /* StackOperateSequence.cpp */; };
		880913B429989A8300108391 /* TreeLevelOrder.cpp in Sources */ = {isa = PBXBuildFile; fileRef = 880913B229989A8300108391 /* TreeLevelOrder.cpp */; };
		88260A00296112AD00EF6934 /* PowerTest.cpp in Sources */ = {isa = PBXBuildFile; fileRef = 882609FE296112AD00EF6934 /* PowerTest.cpp */; };
		88260A03296119FC00EF6934 /* MatrixTest.cpp in Sources */ = {isa = PBXBuildFile; fileRef = 88260A01296119FC00EF6934 /* MatrixTest.cpp */; };
		88260A062961259700EF6934 /* BigIntTest.cpp in Sources */ = {isa = PBXBuildFile; fileRef = 88260A042961259700EF6934 /* BigIntTest.cpp */; };
		884C4A28295FD0D900E33559 /* StackTest.cpp in Sources */ = {isa = PBXBuildFile; fileRef = 884C4A26295FD0D900E33559 /* StackTest.cpp */; };
		884C4A2D295FDC8700E33559 /* MathTest.cpp in Sources */ = {isa = PBXBuildFile; fileRef = 884C4A2B295FDC8700E33559 /* MathTest.cpp */; };
		88649B2E2963B16400B50ACC /* RecursionTest.cpp in Sources */ = {isa = PBXBuildFile; fileRef = 88649B2C2963B16400B50ACC /* RecursionTest.cpp */; };
		88649B322963BFCE00B50ACC /* SearchTest.cpp in Sources */ = {isa = PBXBuildFile; fileRef = 88649B302963BFCE00B50ACC /* SearchTest.cpp */; };
		8871AE7C295E6AE400F9D6C9 /* StringTest.cpp in Sources */ = {isa = PBXBuildFile; fileRef = 8871AE7A295E6AE400F9D6C9 /* StringTest.cpp */; };
		8871AE80295E7EED00F9D6C9 /* VectorTest.cpp in Sources */ = {isa = PBXBuildFile; fileRef = 8871AE7E295E7EED00F9D6C9 /* VectorTest.cpp */; };
		8871AE83295E81C800F9D6C9 /* QueueTest.cpp in Sources */ = {isa = PBXBuildFile; fileRef = 8871AE81295E81C800F9D6C9 /* QueueTest.cpp */; };
		8872D5E6296A693100B15D13 /* TreeTest.cpp in Sources */ = {isa = PBXBuildFile; fileRef = 8872D5E4296A693100B15D13 /* TreeTest.cpp */; };
		888522F92999EBA900CB9D82 /* MergeSortedLinkList.cpp in Sources */ = {isa = PBXBuildFile; fileRef = 888522F72999EBA900CB9D82 /* MergeSortedLinkList.cpp */; };
		888522FC299BBC5400CB9D82 /* LinkListOperator.cpp in Sources */ = {isa = PBXBuildFile; fileRef = 888522FA299BBC5400CB9D82 /* LinkListOperator.cpp */; };
		888522FF299DF7BE00CB9D82 /* SingleNumber.cpp in Sources */ = {isa = PBXBuildFile; fileRef = 888522FD299DF7BE00CB9D82 /* SingleNumber.cpp */; };
		88A03AD4295D2AE2006DDE34 /* SortTest.cpp in Sources */ = {isa = PBXBuildFile; fileRef = 88A03AD2295D2AE2006DDE34 /* SortTest.cpp */; };
		88ACB7EF297102C700F9A1C0 /* GraphTest.cpp in Sources */ = {isa = PBXBuildFile; fileRef = 88ACB7ED297102C700F9A1C0 /* GraphTest.cpp */; };
		88D31C56298B444500A131BA /* DPTest.cpp in Sources */ = {isa = PBXBuildFile; fileRef = 88D31C54298B444500A131BA /* DPTest.cpp */; };
		88DEE422295BCE4A00745690 /* main.cpp in Sources */ = {isa = PBXBuildFile; fileRef = 88DEE421295BCE4A00745690 /* main.cpp */; };
		88DEE42B295BCE6300745690 /* CaseInput.cpp in Sources */ = {isa = PBXBuildFile; fileRef = 88DEE429295BCE6300745690 /* CaseInput.cpp */; };
		88DEE42F295BE34800745690 /* EnumTest.cpp in Sources */ = {isa = PBXBuildFile; fileRef = 88DEE42D295BE34800745690 /* EnumTest.cpp */; };
		88EDD993296FAFB800832300 /* MapTest.cpp in Sources */ = {isa = PBXBuildFile; fileRef = 88EDD991296FAFB800832300 /* MapTest.cpp */; };
		88F2A01629971E5B00394274 /* PrintRectangle.cpp in Sources */ = {isa = PBXBuildFile; fileRef = 88F2A01429971E5B00394274 /* PrintRectangle.cpp */; };
		88F2A019299726BB00394274 /* MultiBag.cpp in Sources */ = {isa = PBXBuildFile; fileRef = 88F2A017299726BB00394274 /* MultiBag.cpp */; };
		88F2A01C2997363000394274 /* RepeatNumber.cpp in Sources */ = {isa = PBXBuildFile; fileRef = 88F2A01A2997363000394274 /* RepeatNumber.cpp */; };
		88F2A01F29973C0000394274 /* ReplaceWhiteSpaceChar.cpp in Sources */ = {isa = PBXBuildFile; fileRef = 88F2A01D29973C0000394274 /* ReplaceWhiteSpaceChar.cpp */; };
		88F2A02229973CF200394274 /* Fibonacci.cpp in Sources */ = {isa = PBXBuildFile; fileRef = 88F2A02029973CF200394274 /* Fibonacci.cpp */; };
		88FE7BAA2997D4FA0020E79F /* ReadWriteFile.cpp in Sources */ = {isa = PBXBuildFile; fileRef = 88FE7BA82997D4FA0020E79F /* ReadWriteFile.cpp */; };
		88FE852A29625B0600333CBD /* GreedyTest.cpp in Sources */ = {isa = PBXBuildFile; fileRef = 88FE852829625B0600333CBD /* GreedyTest.cpp */; };
/* End PBXBuildFile section */

/* Begin PBXCopyFilesBuildPhase section */
		88DEE41C295BCE4A00745690 /* CopyFiles */ = {
			isa = PBXCopyFilesBuildPhase;
			buildActionMask = 2147483647;
			dstPath = /usr/share/man/man1/;
			dstSubfolderSpec = 0;
			files = (
			);
			runOnlyForDeploymentPostprocessing = 1;
		};
/* End PBXCopyFilesBuildPhase section */

/* Begin PBXFileReference section */
		880038B9296E532800FE6549 /* QueueTest.cpp */ = {isa = PBXFileReference; lastKnownFileType = sourcecode.cpp.cpp; path = QueueTest.cpp; sourceTree = "<group>"; };
		880038BA296E532800FE6549 /* QueueTest.hpp */ = {isa = PBXFileReference; lastKnownFileType = sourcecode.cpp.h; path = QueueTest.hpp; sourceTree = "<group>"; };
		880913AC2998888000108391 /* MiniStack.cpp */ = {isa = PBXFileReference; lastKnownFileType = sourcecode.cpp.cpp; path = MiniStack.cpp; sourceTree = "<group>"; };
		880913AD2998888000108391 /* MiniStack.hpp */ = {isa = PBXFileReference; lastKnownFileType = sourcecode.cpp.h; path = MiniStack.hpp; sourceTree = "<group>"; };
		880913AF2998945100108391 /* StackOperateSequence.cpp */ = {isa = PBXFileReference; lastKnownFileType = sourcecode.cpp.cpp; path = StackOperateSequence.cpp; sourceTree = "<group>"; };
		880913B02998945100108391 /* StackOperateSequence.hpp */ = {isa = PBXFileReference; lastKnownFileType = sourcecode.cpp.h; path = StackOperateSequence.hpp; sourceTree = "<group>"; };
		880913B229989A8300108391 /* TreeLevelOrder.cpp */ = {isa = PBXFileReference; lastKnownFileType = sourcecode.cpp.cpp; path = TreeLevelOrder.cpp; sourceTree = "<group>"; };
		880913B329989A8300108391 /* TreeLevelOrder.hpp */ = {isa = PBXFileReference; lastKnownFileType = sourcecode.cpp.h; path = TreeLevelOrder.hpp; sourceTree = "<group>"; };
		882609FE296112AD00EF6934 /* PowerTest.cpp */ = {isa = PBXFileReference; lastKnownFileType = sourcecode.cpp.cpp; path = PowerTest.cpp; sourceTree = "<group>"; };
		882609FF296112AD00EF6934 /* PowerTest.hpp */ = {isa = PBXFileReference; lastKnownFileType = sourcecode.cpp.h; path = PowerTest.hpp; sourceTree = "<group>"; };
		88260A01296119FC00EF6934 /* MatrixTest.cpp */ = {isa = PBXFileReference; lastKnownFileType = sourcecode.cpp.cpp; path = MatrixTest.cpp; sourceTree = "<group>"; };
		88260A02296119FC00EF6934 /* MatrixTest.hpp */ = {isa = PBXFileReference; lastKnownFileType = sourcecode.cpp.h; path = MatrixTest.hpp; sourceTree = "<group>"; };
		88260A042961259700EF6934 /* BigIntTest.cpp */ = {isa = PBXFileReference; lastKnownFileType = sourcecode.cpp.cpp; path = BigIntTest.cpp; sourceTree = "<group>"; };
		88260A052961259700EF6934 /* BigIntTest.hpp */ = {isa = PBXFileReference; lastKnownFileType = sourcecode.cpp.h; path = BigIntTest.hpp; sourceTree = "<group>"; };
		884C4A26295FD0D900E33559 /* StackTest.cpp */ = {isa = PBXFileReference; lastKnownFileType = sourcecode.cpp.cpp; path = StackTest.cpp; sourceTree = "<group>"; };
		884C4A27295FD0D900E33559 /* StackTest.hpp */ = {isa = PBXFileReference; lastKnownFileType = sourcecode.cpp.h; path = StackTest.hpp; sourceTree = "<group>"; };
		884C4A2A295FDC2C00E33559 /* README.md */ = {isa = PBXFileReference; lastKnownFileType = net.daringfireball.markdown; path = README.md; sourceTree = "<group>"; };
		884C4A2B295FDC8700E33559 /* MathTest.cpp */ = {isa = PBXFileReference; lastKnownFileType = sourcecode.cpp.cpp; path = MathTest.cpp; sourceTree = "<group>"; };
		884C4A2C295FDC8700E33559 /* MathTest.hpp */ = {isa = PBXFileReference; lastKnownFileType = sourcecode.cpp.h; path = MathTest.hpp; sourceTree = "<group>"; };
		88649B2A2963ADD200B50ACC /* README.md */ = {isa = PBXFileReference; lastKnownFileType = net.daringfireball.markdown; path = README.md; sourceTree = "<group>"; };
		88649B2C2963B16400B50ACC /* RecursionTest.cpp */ = {isa = PBXFileReference; lastKnownFileType = sourcecode.cpp.cpp; path = RecursionTest.cpp; sourceTree = "<group>"; };
		88649B2D2963B16400B50ACC /* RecursionTest.hpp */ = {isa = PBXFileReference; lastKnownFileType = sourcecode.cpp.h; path = RecursionTest.hpp; sourceTree = "<group>"; };
		88649B302963BFCE00B50ACC /* SearchTest.cpp */ = {isa = PBXFileReference; lastKnownFileType = sourcecode.cpp.cpp; path = SearchTest.cpp; sourceTree = "<group>"; };
		88649B312963BFCE00B50ACC /* SearchTest.hpp */ = {isa = PBXFileReference; lastKnownFileType = sourcecode.cpp.h; path = SearchTest.hpp; sourceTree = "<group>"; };
		8871AE7A295E6AE400F9D6C9 /* StringTest.cpp */ = {isa = PBXFileReference; lastKnownFileType = sourcecode.cpp.cpp; path = StringTest.cpp; sourceTree = "<group>"; };
		8871AE7B295E6AE400F9D6C9 /* StringTest.hpp */ = {isa = PBXFileReference; lastKnownFileType = sourcecode.cpp.h; path = StringTest.hpp; sourceTree = "<group>"; };
		8871AE7E295E7EED00F9D6C9 /* VectorTest.cpp */ = {isa = PBXFileReference; lastKnownFileType = sourcecode.cpp.cpp; path = VectorTest.cpp; sourceTree = "<group>"; };
		8871AE7F295E7EED00F9D6C9 /* VectorTest.hpp */ = {isa = PBXFileReference; lastKnownFileType = sourcecode.cpp.h; path = VectorTest.hpp; sourceTree = "<group>"; };
		8871AE81295E81C800F9D6C9 /* QueueTest.cpp */ = {isa = PBXFileReference; lastKnownFileType = sourcecode.cpp.cpp; path = QueueTest.cpp; sourceTree = "<group>"; };
		8871AE82295E81C800F9D6C9 /* QueueTest.hpp */ = {isa = PBXFileReference; lastKnownFileType = sourcecode.cpp.h; path = QueueTest.hpp; sourceTree = "<group>"; };
		8872D5E4296A693100B15D13 /* TreeTest.cpp */ = {isa = PBXFileReference; lastKnownFileType = sourcecode.cpp.cpp; path = TreeTest.cpp; sourceTree = "<group>"; };
		8872D5E5296A693100B15D13 /* TreeTest.hpp */ = {isa = PBXFileReference; lastKnownFileType = sourcecode.cpp.h; path = TreeTest.hpp; sourceTree = "<group>"; };
		888522F72999EBA900CB9D82 /* MergeSortedLinkList.cpp */ = {isa = PBXFileReference; lastKnownFileType = sourcecode.cpp.cpp; path = MergeSortedLinkList.cpp; sourceTree = "<group>"; };
		888522F82999EBA900CB9D82 /* MergeSortedLinkList.hpp */ = {isa = PBXFileReference; lastKnownFileType = sourcecode.cpp.h; path = MergeSortedLinkList.hpp; sourceTree = "<group>"; };
		888522FA299BBC5400CB9D82 /* LinkListOperator.cpp */ = {isa = PBXFileReference; lastKnownFileType = sourcecode.cpp.cpp; path = LinkListOperator.cpp; sourceTree = "<group>"; };
		888522FB299BBC5400CB9D82 /* LinkListOperator.hpp */ = {isa = PBXFileReference; lastKnownFileType = sourcecode.cpp.h; path = LinkListOperator.hpp; sourceTree = "<group>"; };
		888522FD299DF7BE00CB9D82 /* SingleNumber.cpp */ = {isa = PBXFileReference; lastKnownFileType = sourcecode.cpp.cpp; path = SingleNumber.cpp; sourceTree = "<group>"; };
		888522FE299DF7BE00CB9D82 /* SingleNumber.hpp */ = {isa = PBXFileReference; lastKnownFileType = sourcecode.cpp.h; path = SingleNumber.hpp; sourceTree = "<group>"; };
		88A03AD2295D2AE2006DDE34 /* SortTest.cpp */ = {isa = PBXFileReference; lastKnownFileType = sourcecode.cpp.cpp; path = SortTest.cpp; sourceTree = "<group>"; };
		88A03AD3295D2AE2006DDE34 /* SortTest.hpp */ = {isa = PBXFileReference; lastKnownFileType = sourcecode.cpp.h; path = SortTest.hpp; sourceTree = "<group>"; };
		88ACB7ED297102C700F9A1C0 /* GraphTest.cpp */ = {isa = PBXFileReference; lastKnownFileType = sourcecode.cpp.cpp; path = GraphTest.cpp; sourceTree = "<group>"; };
		88ACB7EE297102C700F9A1C0 /* GraphTest.hpp */ = {isa = PBXFileReference; lastKnownFileType = sourcecode.cpp.h; path = GraphTest.hpp; sourceTree = "<group>"; };
		88D31C54298B444500A131BA /* DPTest.cpp */ = {isa = PBXFileReference; lastKnownFileType = sourcecode.cpp.cpp; path = DPTest.cpp; sourceTree = "<group>"; };
		88D31C55298B444500A131BA /* DPTest.hpp */ = {isa = PBXFileReference; lastKnownFileType = sourcecode.cpp.h; path = DPTest.hpp; sourceTree = "<group>"; };
		88DEE41E295BCE4A00745690 /* Algorithm */ = {isa = PBXFileReference; explicitFileType = "compiled.mach-o.executable"; includeInIndex = 0; path = Algorithm; sourceTree = BUILT_PRODUCTS_DIR; };
		88DEE421295BCE4A00745690 /* main.cpp */ = {isa = PBXFileReference; lastKnownFileType = sourcecode.cpp.cpp; path = main.cpp; sourceTree = "<group>"; };
		88DEE429295BCE6300745690 /* CaseInput.cpp */ = {isa = PBXFileReference; lastKnownFileType = sourcecode.cpp.cpp; path = CaseInput.cpp; sourceTree = "<group>"; };
		88DEE42A295BCE6300745690 /* CaseInput.hpp */ = {isa = PBXFileReference; lastKnownFileType = sourcecode.cpp.h; path = CaseInput.hpp; sourceTree = "<group>"; };
		88DEE42D295BE34800745690 /* EnumTest.cpp */ = {isa = PBXFileReference; lastKnownFileType = sourcecode.cpp.cpp; path = EnumTest.cpp; sourceTree = "<group>"; };
		88DEE42E295BE34800745690 /* EnumTest.hpp */ = {isa = PBXFileReference; lastKnownFileType = sourcecode.cpp.h; path = EnumTest.hpp; sourceTree = "<group>"; };
		88EDD991296FAFB800832300 /* MapTest.cpp */ = {isa = PBXFileReference; lastKnownFileType = sourcecode.cpp.cpp; path = MapTest.cpp; sourceTree = "<group>"; };
		88EDD992296FAFB800832300 /* MapTest.hpp */ = {isa = PBXFileReference; lastKnownFileType = sourcecode.cpp.h; path = MapTest.hpp; sourceTree = "<group>"; };
		88F2A01429971E5B00394274 /* PrintRectangle.cpp */ = {isa = PBXFileReference; lastKnownFileType = sourcecode.cpp.cpp; path = PrintRectangle.cpp; sourceTree = "<group>"; };
		88F2A01529971E5B00394274 /* PrintRectangle.hpp */ = {isa = PBXFileReference; lastKnownFileType = sourcecode.cpp.h; path = PrintRectangle.hpp; sourceTree = "<group>"; };
		88F2A017299726BB00394274 /* MultiBag.cpp */ = {isa = PBXFileReference; lastKnownFileType = sourcecode.cpp.cpp; path = MultiBag.cpp; sourceTree = "<group>"; };
		88F2A018299726BB00394274 /* MultiBag.hpp */ = {isa = PBXFileReference; lastKnownFileType = sourcecode.cpp.h; path = MultiBag.hpp; sourceTree = "<group>"; };
		88F2A01A2997363000394274 /* RepeatNumber.cpp */ = {isa = PBXFileReference; lastKnownFileType = sourcecode.cpp.cpp; path = RepeatNumber.cpp; sourceTree = "<group>"; };
		88F2A01B2997363000394274 /* RepeatNumber.hpp */ = {isa = PBXFileReference; lastKnownFileType = sourcecode.cpp.h; path = RepeatNumber.hpp; sourceTree = "<group>"; };
		88F2A01D29973C0000394274 /* ReplaceWhiteSpaceChar.cpp */ = {isa = PBXFileReference; lastKnownFileType = sourcecode.cpp.cpp; path = ReplaceWhiteSpaceChar.cpp; sourceTree = "<group>"; };
		88F2A01E29973C0000394274 /* ReplaceWhiteSpaceChar.hpp */ = {isa = PBXFileReference; lastKnownFileType = sourcecode.cpp.h; path = ReplaceWhiteSpaceChar.hpp; sourceTree = "<group>"; };
		88F2A02029973CF200394274 /* Fibonacci.cpp */ = {isa = PBXFileReference; lastKnownFileType = sourcecode.cpp.cpp; path = Fibonacci.cpp; sourceTree = "<group>"; };
		88F2A02129973CF200394274 /* Fibonacci.hpp */ = {isa = PBXFileReference; lastKnownFileType = sourcecode.cpp.h; path = Fibonacci.hpp; sourceTree = "<group>"; };
		88FE7BA82997D4FA0020E79F /* ReadWriteFile.cpp */ = {isa = PBXFileReference; lastKnownFileType = sourcecode.cpp.cpp; path = ReadWriteFile.cpp; sourceTree = "<group>"; };
		88FE7BA92997D4FA0020E79F /* ReadWriteFile.hpp */ = {isa = PBXFileReference; lastKnownFileType = sourcecode.cpp.h; path = ReadWriteFile.hpp; sourceTree = "<group>"; };
		88FE852829625B0600333CBD /* GreedyTest.cpp */ = {isa = PBXFileReference; lastKnownFileType = sourcecode.cpp.cpp; path = GreedyTest.cpp; sourceTree = "<group>"; };
		88FE852929625B0600333CBD /* GreedyTest.hpp */ = {isa = PBXFileReference; lastKnownFileType = sourcecode.cpp.h; path = GreedyTest.hpp; sourceTree = "<group>"; };
/* End PBXFileReference section */

/* Begin PBXFrameworksBuildPhase section */
		88DEE41B295BCE4A00745690 /* Frameworks */ = {
			isa = PBXFrameworksBuildPhase;
			buildActionMask = 2147483647;
			files = (
			);
			runOnlyForDeploymentPostprocessing = 0;
		};
/* End PBXFrameworksBuildPhase section */

/* Begin PBXGroup section */
		880038B8296E531A00FE6549 /* queue */ = {
			isa = PBXGroup;
			children = (
				880038B9296E532800FE6549 /* QueueTest.cpp */,
				880038BA296E532800FE6549 /* QueueTest.hpp */,
			);
			path = queue;
			sourceTree = "<group>";
		};
		884C4A29295FDC0500E33559 /* math */ = {
			isa = PBXGroup;
			children = (
				884C4A2A295FDC2C00E33559 /* README.md */,
				884C4A2B295FDC8700E33559 /* MathTest.cpp */,
				884C4A2C295FDC8700E33559 /* MathTest.hpp */,
				882609FE296112AD00EF6934 /* PowerTest.cpp */,
				882609FF296112AD00EF6934 /* PowerTest.hpp */,
				88260A01296119FC00EF6934 /* MatrixTest.cpp */,
				88260A02296119FC00EF6934 /* MatrixTest.hpp */,
				88260A042961259700EF6934 /* BigIntTest.cpp */,
				88260A052961259700EF6934 /* BigIntTest.hpp */,
			);
			path = math;
			sourceTree = "<group>";
		};
		88649B2B2963B11100B50ACC /* recursion */ = {
			isa = PBXGroup;
			children = (
				88649B2C2963B16400B50ACC /* RecursionTest.cpp */,
				88649B2D2963B16400B50ACC /* RecursionTest.hpp */,
			);
			path = recursion;
			sourceTree = "<group>";
		};
		88649B2F2963BFBD00B50ACC /* search */ = {
			isa = PBXGroup;
			children = (
				88649B302963BFCE00B50ACC /* SearchTest.cpp */,
				88649B312963BFCE00B50ACC /* SearchTest.hpp */,
			);
			path = search;
			sourceTree = "<group>";
		};
		8871AE79295E6AD400F9D6C9 /* string */ = {
			isa = PBXGroup;
			children = (
				8871AE7A295E6AE400F9D6C9 /* StringTest.cpp */,
				8871AE7B295E6AE400F9D6C9 /* StringTest.hpp */,
			);
			path = string;
			sourceTree = "<group>";
		};
		8871AE7D295E7D8B00F9D6C9 /* list */ = {
			isa = PBXGroup;
			children = (
				8871AE7E295E7EED00F9D6C9 /* VectorTest.cpp */,
				8871AE7F295E7EED00F9D6C9 /* VectorTest.hpp */,
				8871AE81295E81C800F9D6C9 /* QueueTest.cpp */,
				8871AE82295E81C800F9D6C9 /* QueueTest.hpp */,
				884C4A26295FD0D900E33559 /* StackTest.cpp */,
				884C4A27295FD0D900E33559 /* StackTest.hpp */,
			);
			path = list;
			sourceTree = "<group>";
		};
		8872D5E3296A692300B15D13 /* tree */ = {
			isa = PBXGroup;
			children = (
				8872D5E4296A693100B15D13 /* TreeTest.cpp */,
				8872D5E5296A693100B15D13 /* TreeTest.hpp */,
			);
			path = tree;
			sourceTree = "<group>";
		};
		88A03AD1295D2ACE006DDE34 /* sort */ = {
			isa = PBXGroup;
			children = (
				88A03AD2295D2AE2006DDE34 /* SortTest.cpp */,
				88A03AD3295D2AE2006DDE34 /* SortTest.hpp */,
			);
			path = sort;
			sourceTree = "<group>";
		};
		88ACB7EC297102B800F9A1C0 /* graph */ = {
			isa = PBXGroup;
			children = (
				88ACB7ED297102C700F9A1C0 /* GraphTest.cpp */,
				88ACB7EE297102C700F9A1C0 /* GraphTest.hpp */,
			);
			path = graph;
			sourceTree = "<group>";
		};
		88D31C53298B442700A131BA /* dp */ = {
			isa = PBXGroup;
			children = (
				88D31C54298B444500A131BA /* DPTest.cpp */,
				88D31C55298B444500A131BA /* DPTest.hpp */,
			);
			path = dp;
			sourceTree = "<group>";
		};
		88DEE415295BCE4A00745690 = {
			isa = PBXGroup;
			children = (
				88DEE420295BCE4A00745690 /* Algorithm */,
				88DEE41F295BCE4A00745690 /* Products */,
			);
			sourceTree = "<group>";
		};
		88DEE41F295BCE4A00745690 /* Products */ = {
			isa = PBXGroup;
			children = (
				88DEE41E295BCE4A00745690 /* Algorithm */,
			);
			name = Products;
			sourceTree = "<group>";
		};
		88DEE420295BCE4A00745690 /* Algorithm */ = {
			isa = PBXGroup;
			children = (
				88FE7BA72997D4EA0020E79F /* io */,
				88F2A01329971E4600394274 /* problem */,
				88D31C53298B442700A131BA /* dp */,
				88ACB7EC297102B800F9A1C0 /* graph */,
				88EDD990296FAFAD00832300 /* map */,
				880038B8296E531A00FE6549 /* queue */,
				8872D5E3296A692300B15D13 /* tree */,
				88649B2F2963BFBD00B50ACC /* search */,
				88649B2B2963B11100B50ACC /* recursion */,
				88FE852729625AEC00333CBD /* greedy */,
				884C4A29295FDC0500E33559 /* math */,
				8871AE7D295E7D8B00F9D6C9 /* list */,
				8871AE79295E6AD400F9D6C9 /* string */,
				88A03AD1295D2ACE006DDE34 /* sort */,
				88DEE42C295BE31F00745690 /* enum */,
				88DEE428295BCE5000745690 /* input */,
				88DEE421295BCE4A00745690 /* main.cpp */,
			);
			path = Algorithm;
			sourceTree = "<group>";
		};
		88DEE428295BCE5000745690 /* input */ = {
			isa = PBXGroup;
			children = (
				88DEE429295BCE6300745690 /* CaseInput.cpp */,
				88DEE42A295BCE6300745690 /* CaseInput.hpp */,
			);
			path = input;
			sourceTree = "<group>";
		};
		88DEE42C295BE31F00745690 /* enum */ = {
			isa = PBXGroup;
			children = (
				88DEE42D295BE34800745690 /* EnumTest.cpp */,
				88DEE42E295BE34800745690 /* EnumTest.hpp */,
			);
			path = enum;
			sourceTree = "<group>";
		};
		88EDD990296FAFAD00832300 /* map */ = {
			isa = PBXGroup;
			children = (
				88EDD991296FAFB800832300 /* MapTest.cpp */,
				88EDD992296FAFB800832300 /* MapTest.hpp */,
			);
			path = map;
			sourceTree = "<group>";
		};
		88F2A01329971E4600394274 /* problem */ = {
			isa = PBXGroup;
			children = (
				88F2A01429971E5B00394274 /* PrintRectangle.cpp */,
				88F2A01529971E5B00394274 /* PrintRectangle.hpp */,
				88F2A017299726BB00394274 /* MultiBag.cpp */,
				88F2A018299726BB00394274 /* MultiBag.hpp */,
				88F2A01A2997363000394274 /* RepeatNumber.cpp */,
				88F2A01B2997363000394274 /* RepeatNumber.hpp */,
				88F2A01D29973C0000394274 /* ReplaceWhiteSpaceChar.cpp */,
				88F2A01E29973C0000394274 /* ReplaceWhiteSpaceChar.hpp */,
				88F2A02029973CF200394274 /* Fibonacci.cpp */,
				88F2A02129973CF200394274 /* Fibonacci.hpp */,
				880913AC2998888000108391 /* MiniStack.cpp */,
				880913AD2998888000108391 /* MiniStack.hpp */,
				880913AF2998945100108391 /* StackOperateSequence.cpp */,
				880913B02998945100108391 /* StackOperateSequence.hpp */,
				880913B229989A8300108391 /* TreeLevelOrder.cpp */,
				880913B329989A8300108391 /* TreeLevelOrder.hpp */,
				888522F72999EBA900CB9D82 /* MergeSortedLinkList.cpp */,
				888522F82999EBA900CB9D82 /* MergeSortedLinkList.hpp */,
				888522FA299BBC5400CB9D82 /* LinkListOperator.cpp */,
				888522FB299BBC5400CB9D82 /* LinkListOperator.hpp */,
				888522FD299DF7BE00CB9D82 /* SingleNumber.cpp */,
				888522FE299DF7BE00CB9D82 /* SingleNumber.hpp */,
			);
			path = problem;
			sourceTree = "<group>";
		};
		88FE7BA72997D4EA0020E79F /* io */ = {
			isa = PBXGroup;
			children = (
				88FE7BA82997D4FA0020E79F /* ReadWriteFile.cpp */,
				88FE7BA92997D4FA0020E79F /* ReadWriteFile.hpp */,
			);
			path = io;
			sourceTree = "<group>";
		};
		88FE852729625AEC00333CBD /* greedy */ = {
			isa = PBXGroup;
			children = (
				88FE852829625B0600333CBD /* GreedyTest.cpp */,
				88FE852929625B0600333CBD /* GreedyTest.hpp */,
				88649B2A2963ADD200B50ACC /* README.md */,
			);
			path = greedy;
			sourceTree = "<group>";
		};
/* End PBXGroup section */

/* Begin PBXNativeTarget section */
		88DEE41D295BCE4A00745690 /* Algorithm */ = {
			isa = PBXNativeTarget;
			buildConfigurationList = 88DEE425295BCE4A00745690 /* Build configuration list for PBXNativeTarget "Algorithm" */;
			buildPhases = (
				88DEE41A295BCE4A00745690 /* Sources */,
				88DEE41B295BCE4A00745690 /* Frameworks */,
				88DEE41C295BCE4A00745690 /* CopyFiles */,
			);
			buildRules = (
			);
			dependencies = (
			);
			name = Algorithm;
			productName = CTest;
			productReference = 88DEE41E295BCE4A00745690 /* Algorithm */;
			productType = "com.apple.product-type.tool";
		};
/* End PBXNativeTarget section */

/* Begin PBXProject section */
		88DEE416295BCE4A00745690 /* Project object */ = {
			isa = PBXProject;
			attributes = {
				BuildIndependentTargetsInParallel = 1;
				LastUpgradeCheck = 1410;
				TargetAttributes = {
					88DEE41D295BCE4A00745690 = {
						CreatedOnToolsVersion = 14.1;
					};
				};
			};
			buildConfigurationList = 88DEE419295BCE4A00745690 /* Build configuration list for PBXProject "Algorithm" */;
			compatibilityVersion = "Xcode 14.0";
			developmentRegion = en;
			hasScannedForEncodings = 0;
			knownRegions = (
				en,
				Base,
			);
			mainGroup = 88DEE415295BCE4A00745690;
			productRefGroup = 88DEE41F295BCE4A00745690 /* Products */;
			projectDirPath = "";
			projectRoot = "";
			targets = (
				88DEE41D295BCE4A00745690 /* Algorithm */,
			);
		};
/* End PBXProject section */

/* Begin PBXSourcesBuildPhase section */
		88DEE41A295BCE4A00745690 /* Sources */ = {
			isa = PBXSourcesBuildPhase;
			buildActionMask = 2147483647;
			files = (
				88F2A01629971E5B00394274 /* PrintRectangle.cpp in Sources */,
				88DEE42B295BCE6300745690 /* CaseInput.cpp in Sources */,
				88FE852A29625B0600333CBD /* GreedyTest.cpp in Sources */,
				8871AE83295E81C800F9D6C9 /* QueueTest.cpp in Sources */,
				88A03AD4295D2AE2006DDE34 /* SortTest.cpp in Sources */,
				88260A03296119FC00EF6934 /* MatrixTest.cpp in Sources */,
				8871AE80295E7EED00F9D6C9 /* VectorTest.cpp in Sources */,
				88EDD993296FAFB800832300 /* MapTest.cpp in Sources */,
				88D31C56298B444500A131BA /* DPTest.cpp in Sources */,
				88FE7BAA2997D4FA0020E79F /* ReadWriteFile.cpp in Sources */,
				884C4A28295FD0D900E33559 /* StackTest.cpp in Sources */,
				880038BB296E532800FE6549 /* QueueTest.cpp in Sources */,
				888522FF299DF7BE00CB9D82 /* SingleNumber.cpp in Sources */,
				88260A00296112AD00EF6934 /* PowerTest.cpp in Sources */,
				88649B322963BFCE00B50ACC /* SearchTest.cpp in Sources */,
				88DEE422295BCE4A00745690 /* main.cpp in Sources */,
				88F2A019299726BB00394274 /* MultiBag.cpp in Sources */,
				88260A062961259700EF6934 /* BigIntTest.cpp in Sources */,
				888522F92999EBA900CB9D82 /* MergeSortedLinkList.cpp in Sources */,
				880913AE2998888000108391 /* MiniStack.cpp in Sources */,
				88F2A02229973CF200394274 /* Fibonacci.cpp in Sources */,
				88F2A01C2997363000394274 /* RepeatNumber.cpp in Sources */,
				88F2A01F29973C0000394274 /* ReplaceWhiteSpaceChar.cpp in Sources */,
				8871AE7C295E6AE400F9D6C9 /* StringTest.cpp in Sources */,
				880913B429989A8300108391 /* TreeLevelOrder.cpp in Sources */,
				888522FC299BBC5400CB9D82 /* LinkListOperator.cpp in Sources */,
				884C4A2D295FDC8700E33559 /* MathTest.cpp in Sources */,
				8872D5E6296A693100B15D13 /* TreeTest.cpp in Sources */,
				880913B12998945100108391 /* StackOperateSequence.cpp in Sources */,
				88ACB7EF297102C700F9A1C0 /* GraphTest.cpp in Sources */,
				88649B2E2963B16400B50ACC /* RecursionTest.cpp in Sources */,
				88DEE42F295BE34800745690 /* EnumTest.cpp in Sources */,
			);
			runOnlyForDeploymentPostprocessing = 0;
		};
/* End PBXSourcesBuildPhase section */

/* Begin XCBuildConfiguration section */
		88DEE423295BCE4A00745690 /* Debug */ = {
			isa = XCBuildConfiguration;
			buildSettings = {
				ALWAYS_SEARCH_USER_PATHS = NO;
				CLANG_ANALYZER_NONNULL = YES;
				CLANG_ANALYZER_NUMBER_OBJECT_CONVERSION = YES_AGGRESSIVE;
				CLANG_CXX_LANGUAGE_STANDARD = "gnu++20";
				CLANG_ENABLE_MODULES = YES;
				CLANG_ENABLE_OBJC_ARC = YES;
				CLANG_ENABLE_OBJC_WEAK = YES;
				CLANG_WARN_BLOCK_CAPTURE_AUTORELEASING = YES;
				CLANG_WARN_BOOL_CONVERSION = YES;
				CLANG_WARN_COMMA = YES;
				CLANG_WARN_CONSTANT_CONVERSION = YES;
				CLANG_WARN_DEPRECATED_OBJC_IMPLEMENTATIONS = YES;
				CLANG_WARN_DIRECT_OBJC_ISA_USAGE = YES_ERROR;
				CLANG_WARN_DOCUMENTATION_COMMENTS = YES;
				CLANG_WARN_EMPTY_BODY = YES;
				CLANG_WARN_ENUM_CONVERSION = YES;
				CLANG_WARN_INFINITE_RECURSION = YES;
				CLANG_WARN_INT_CONVERSION = YES;
				CLANG_WARN_NON_LITERAL_NULL_CONVERSION = YES;
				CLANG_WARN_OBJC_IMPLICIT_RETAIN_SELF = YES;
				CLANG_WARN_OBJC_LITERAL_CONVERSION = YES;
				CLANG_WARN_OBJC_ROOT_CLASS = YES_ERROR;
				CLANG_WARN_QUOTED_INCLUDE_IN_FRAMEWORK_HEADER = YES;
				CLANG_WARN_RANGE_LOOP_ANALYSIS = YES;
				CLANG_WARN_STRICT_PROTOTYPES = YES;
				CLANG_WARN_SUSPICIOUS_MOVE = YES;
				CLANG_WARN_UNGUARDED_AVAILABILITY = YES_AGGRESSIVE;
				CLANG_WARN_UNREACHABLE_CODE = YES;
				CLANG_WARN__DUPLICATE_METHOD_MATCH = YES;
				COPY_PHASE_STRIP = NO;
				DEBUG_INFORMATION_FORMAT = dwarf;
				ENABLE_STRICT_OBJC_MSGSEND = YES;
				ENABLE_TESTABILITY = YES;
				GCC_C_LANGUAGE_STANDARD = gnu11;
				GCC_DYNAMIC_NO_PIC = NO;
				GCC_NO_COMMON_BLOCKS = YES;
				GCC_OPTIMIZATION_LEVEL = 0;
				GCC_PREPROCESSOR_DEFINITIONS = (
					"DEBUG=1",
					"$(inherited)",
				);
				GCC_WARN_64_TO_32_BIT_CONVERSION = YES;
				GCC_WARN_ABOUT_RETURN_TYPE = YES_ERROR;
				GCC_WARN_UNDECLARED_SELECTOR = YES;
				GCC_WARN_UNINITIALIZED_AUTOS = YES_AGGRESSIVE;
				GCC_WARN_UNUSED_FUNCTION = YES;
				GCC_WARN_UNUSED_VARIABLE = YES;
				MACOSX_DEPLOYMENT_TARGET = 13.0;
				MTL_ENABLE_DEBUG_INFO = INCLUDE_SOURCE;
				MTL_FAST_MATH = YES;
				ONLY_ACTIVE_ARCH = YES;
				SDKROOT = macosx;
			};
			name = Debug;
		};
		88DEE424295BCE4A00745690 /* Release */ = {
			isa = XCBuildConfiguration;
			buildSettings = {
				ALWAYS_SEARCH_USER_PATHS = NO;
				CLANG_ANALYZER_NONNULL = YES;
				CLANG_ANALYZER_NUMBER_OBJECT_CONVERSION = YES_AGGRESSIVE;
				CLANG_CXX_LANGUAGE_STANDARD = "gnu++20";
				CLANG_ENABLE_MODULES = YES;
				CLANG_ENABLE_OBJC_ARC = YES;
				CLANG_ENABLE_OBJC_WEAK = YES;
				CLANG_WARN_BLOCK_CAPTURE_AUTORELEASING = YES;
				CLANG_WARN_BOOL_CONVERSION = YES;
				CLANG_WARN_COMMA = YES;
				CLANG_WARN_CONSTANT_CONVERSION = YES;
				CLANG_WARN_DEPRECATED_OBJC_IMPLEMENTATIONS = YES;
				CLANG_WARN_DIRECT_OBJC_ISA_USAGE = YES_ERROR;
				CLANG_WARN_DOCUMENTATION_COMMENTS = YES;
				CLANG_WARN_EMPTY_BODY = YES;
				CLANG_WARN_ENUM_CONVERSION = YES;
				CLANG_WARN_INFINITE_RECURSION = YES;
				CLANG_WARN_INT_CONVERSION = YES;
				CLANG_WARN_NON_LITERAL_NULL_CONVERSION = YES;
				CLANG_WARN_OBJC_IMPLICIT_RETAIN_SELF = YES;
				CLANG_WARN_OBJC_LITERAL_CONVERSION = YES;
				CLANG_WARN_OBJC_ROOT_CLASS = YES_ERROR;
				CLANG_WARN_QUOTED_INCLUDE_IN_FRAMEWORK_HEADER = YES;
				CLANG_WARN_RANGE_LOOP_ANALYSIS = YES;
				CLANG_WARN_STRICT_PROTOTYPES = YES;
				CLANG_WARN_SUSPICIOUS_MOVE = YES;
				CLANG_WARN_UNGUARDED_AVAILABILITY = YES_AGGRESSIVE;
				CLANG_WARN_UNREACHABLE_CODE = YES;
				CLANG_WARN__DUPLICATE_METHOD_MATCH = YES;
				COPY_PHASE_STRIP = NO;
				DEBUG_INFORMATION_FORMAT = "dwarf-with-dsym";
				ENABLE_NS_ASSERTIONS = NO;
				ENABLE_STRICT_OBJC_MSGSEND = YES;
				GCC_C_LANGUAGE_STANDARD = gnu11;
				GCC_NO_COMMON_BLOCKS = YES;
				GCC_WARN_64_TO_32_BIT_CONVERSION = YES;
				GCC_WARN_ABOUT_RETURN_TYPE = YES_ERROR;
				GCC_WARN_UNDECLARED_SELECTOR = YES;
				GCC_WARN_UNINITIALIZED_AUTOS = YES_AGGRESSIVE;
				GCC_WARN_UNUSED_FUNCTION = YES;
				GCC_WARN_UNUSED_VARIABLE = YES;
				MACOSX_DEPLOYMENT_TARGET = 13.0;
				MTL_ENABLE_DEBUG_INFO = NO;
				MTL_FAST_MATH = YES;
				SDKROOT = macosx;
			};
			name = Release;
		};
		88DEE426295BCE4A00745690 /* Debug */ = {
			isa = XCBuildConfiguration;
			buildSettings = {
				CODE_SIGN_STYLE = Automatic;
				DEVELOPMENT_TEAM = NSJM2J9JJK;
				ENABLE_HARDENED_RUNTIME = YES;
				PRODUCT_NAME = "$(TARGET_NAME)";
			};
			name = Debug;
		};
		88DEE427295BCE4A00745690 /* Release */ = {
			isa = XCBuildConfiguration;
			buildSettings = {
				CODE_SIGN_STYLE = Automatic;
				DEVELOPMENT_TEAM = NSJM2J9JJK;
				ENABLE_HARDENED_RUNTIME = YES;
				PRODUCT_NAME = "$(TARGET_NAME)";
			};
			name = Release;
		};
/* End XCBuildConfiguration section */

/* Begin XCConfigurationList section */
		88DEE419295BCE4A00745690 /* Build configuration list for PBXProject "Algorithm" */ = {
			isa = XCConfigurationList;
			buildConfigurations = (
				88DEE423295BCE4A00745690 /* Debug */,
				88DEE424295BCE4A00745690 /* Release */,
			);
			defaultConfigurationIsVisible = 0;
			defaultConfigurationName = Release;
		};
		88DEE425295BCE4A00745690 /* Build configuration list for PBXNativeTarget "Algorithm" */ = {
			isa = XCConfigurationList;
			buildConfigurations = (
				88DEE426295BCE4A00745690 /* Debug */,
				88DEE427295BCE4A00745690 /* Release */,
			);
			defaultConfigurationIsVisible = 0;
			defaultConfigurationName = Release;
		};
/* End XCConfigurationList section */
	};
	rootObject = 88DEE416295BCE4A00745690 /* Project object */;
}
