// !$*UTF8*$!
{
	archiveVersion = 1;
	classes = {
	};
	objectVersion = 56;
	objects = {

/* Begin PBXBuildFile section */
		884C4A28295FD0D900E33559 /* StackTest.cpp in Sources */ = {isa = PBXBuildFile; fileRef = 884C4A26295FD0D900E33559 /* StackTest.cpp */; };
		884C4A2D295FDC8700E33559 /* MathTest.cpp in Sources */ = {isa = PBXBuildFile; fileRef = 884C4A2B295FDC8700E33559 /* MathTest.cpp */; };
		8871AE7C295E6AE400F9D6C9 /* StringTest.cpp in Sources */ = {isa = PBXBuildFile; fileRef = 8871AE7A295E6AE400F9D6C9 /* StringTest.cpp */; };
		8871AE80295E7EED00F9D6C9 /* VectorTest.cpp in Sources */ = {isa = PBXBuildFile; fileRef = 8871AE7E295E7EED00F9D6C9 /* VectorTest.cpp */; };
		8871AE83295E81C800F9D6C9 /* QueueTest.cpp in Sources */ = {isa = PBXBuildFile; fileRef = 8871AE81295E81C800F9D6C9 /* QueueTest.cpp */; };
		88A03AD4295D2AE2006DDE34 /* SortTest.cpp in Sources */ = {isa = PBXBuildFile; fileRef = 88A03AD2295D2AE2006DDE34 /* SortTest.cpp */; };
		88DEE422295BCE4A00745690 /* main.cpp in Sources */ = {isa = PBXBuildFile; fileRef = 88DEE421295BCE4A00745690 /* main.cpp */; };
		88DEE42B295BCE6300745690 /* CaseInput.cpp in Sources */ = {isa = PBXBuildFile; fileRef = 88DEE429295BCE6300745690 /* CaseInput.cpp */; };
		88DEE42F295BE34800745690 /* EnumTest.cpp in Sources */ = {isa = PBXBuildFile; fileRef = 88DEE42D295BE34800745690 /* EnumTest.cpp */; };
/* End PBXBuildFile section */

/* Begin PBXCopyFilesBuildPhase section */
		88DEE41C295BCE4A00745690 /* CopyFiles */ = {
			isa = PBXCopyFilesBuildPhase;
			buildActionMask = 2147483647;
			dstPath = /usr/share/man/man1/;
			dstSubfolderSpec = 0;
			files = (
			);
			runOnlyForDeploymentPostprocessing = 1;
		};
/* End PBXCopyFilesBuildPhase section */

/* Begin PBXFileReference section */
		884C4A26295FD0D900E33559 /* StackTest.cpp */ = {isa = PBXFileReference; lastKnownFileType = sourcecode.cpp.cpp; path = StackTest.cpp; sourceTree = "<group>"; };
		884C4A27295FD0D900E33559 /* StackTest.hpp */ = {isa = PBXFileReference; lastKnownFileType = sourcecode.cpp.h; path = StackTest.hpp; sourceTree = "<group>"; };
		884C4A2A295FDC2C00E33559 /* README.md */ = {isa = PBXFileReference; lastKnownFileType = net.daringfireball.markdown; path = README.md; sourceTree = "<group>"; };
		884C4A2B295FDC8700E33559 /* MathTest.cpp */ = {isa = PBXFileReference; lastKnownFileType = sourcecode.cpp.cpp; path = MathTest.cpp; sourceTree = "<group>"; };
		884C4A2C295FDC8700E33559 /* MathTest.hpp */ = {isa = PBXFileReference; lastKnownFileType = sourcecode.cpp.h; path = MathTest.hpp; sourceTree = "<group>"; };
		8871AE7A295E6AE400F9D6C9 /* StringTest.cpp */ = {isa = PBXFileReference; lastKnownFileType = sourcecode.cpp.cpp; path = StringTest.cpp; sourceTree = "<group>"; };
		8871AE7B295E6AE400F9D6C9 /* StringTest.hpp */ = {isa = PBXFileReference; lastKnownFileType = sourcecode.cpp.h; path = StringTest.hpp; sourceTree = "<group>"; };
		8871AE7E295E7EED00F9D6C9 /* VectorTest.cpp */ = {isa = PBXFileReference; lastKnownFileType = sourcecode.cpp.cpp; path = VectorTest.cpp; sourceTree = "<group>"; };
		8871AE7F295E7EED00F9D6C9 /* VectorTest.hpp */ = {isa = PBXFileReference; lastKnownFileType = sourcecode.cpp.h; path = VectorTest.hpp; sourceTree = "<group>"; };
		8871AE81295E81C800F9D6C9 /* QueueTest.cpp */ = {isa = PBXFileReference; lastKnownFileType = sourcecode.cpp.cpp; path = QueueTest.cpp; sourceTree = "<group>"; };
		8871AE82295E81C800F9D6C9 /* QueueTest.hpp */ = {isa = PBXFileReference; lastKnownFileType = sourcecode.cpp.h; path = QueueTest.hpp; sourceTree = "<group>"; };
		88A03AD2295D2AE2006DDE34 /* SortTest.cpp */ = {isa = PBXFileReference; lastKnownFileType = sourcecode.cpp.cpp; path = SortTest.cpp; sourceTree = "<group>"; };
		88A03AD3295D2AE2006DDE34 /* SortTest.hpp */ = {isa = PBXFileReference; lastKnownFileType = sourcecode.cpp.h; path = SortTest.hpp; sourceTree = "<group>"; };
		88DEE41E295BCE4A00745690 /* CTest */ = {isa = PBXFileReference; explicitFileType = "compiled.mach-o.executable"; includeInIndex = 0; path = CTest; sourceTree = BUILT_PRODUCTS_DIR; };
		88DEE421295BCE4A00745690 /* main.cpp */ = {isa = PBXFileReference; lastKnownFileType = sourcecode.cpp.cpp; path = main.cpp; sourceTree = "<group>"; };
		88DEE429295BCE6300745690 /* CaseInput.cpp */ = {isa = PBXFileReference; lastKnownFileType = sourcecode.cpp.cpp; path = CaseInput.cpp; sourceTree = "<group>"; };
		88DEE42A295BCE6300745690 /* CaseInput.hpp */ = {isa = PBXFileReference; lastKnownFileType = sourcecode.cpp.h; path = CaseInput.hpp; sourceTree = "<group>"; };
		88DEE42D295BE34800745690 /* EnumTest.cpp */ = {isa = PBXFileReference; lastKnownFileType = sourcecode.cpp.cpp; path = EnumTest.cpp; sourceTree = "<group>"; };
		88DEE42E295BE34800745690 /* EnumTest.hpp */ = {isa = PBXFileReference; lastKnownFileType = sourcecode.cpp.h; path = EnumTest.hpp; sourceTree = "<group>"; };
/* End PBXFileReference section */

/* Begin PBXFrameworksBuildPhase section */
		88DEE41B295BCE4A00745690 /* Frameworks */ = {
			isa = PBXFrameworksBuildPhase;
			buildActionMask = 2147483647;
			files = (
			);
			runOnlyForDeploymentPostprocessing = 0;
		};
/* End PBXFrameworksBuildPhase section */

/* Begin PBXGroup section */
		884C4A29295FDC0500E33559 /* math */ = {
			isa = PBXGroup;
			children = (
				884C4A2A295FDC2C00E33559 /* README.md */,
				884C4A2B295FDC8700E33559 /* MathTest.cpp */,
				884C4A2C295FDC8700E33559 /* MathTest.hpp */,
			);
			path = math;
			sourceTree = "<group>";
		};
		8871AE79295E6AD400F9D6C9 /* string */ = {
			isa = PBXGroup;
			children = (
				8871AE7A295E6AE400F9D6C9 /* StringTest.cpp */,
				8871AE7B295E6AE400F9D6C9 /* StringTest.hpp */,
			);
			path = string;
			sourceTree = "<group>";
		};
		8871AE7D295E7D8B00F9D6C9 /* list */ = {
			isa = PBXGroup;
			children = (
				8871AE7E295E7EED00F9D6C9 /* VectorTest.cpp */,
				8871AE7F295E7EED00F9D6C9 /* VectorTest.hpp */,
				8871AE81295E81C800F9D6C9 /* QueueTest.cpp */,
				8871AE82295E81C800F9D6C9 /* QueueTest.hpp */,
				884C4A26295FD0D900E33559 /* StackTest.cpp */,
				884C4A27295FD0D900E33559 /* StackTest.hpp */,
			);
			path = list;
			sourceTree = "<group>";
		};
		88A03AD1295D2ACE006DDE34 /* sort */ = {
			isa = PBXGroup;
			children = (
				88A03AD2295D2AE2006DDE34 /* SortTest.cpp */,
				88A03AD3295D2AE2006DDE34 /* SortTest.hpp */,
			);
			path = sort;
			sourceTree = "<group>";
		};
		88DEE415295BCE4A00745690 = {
			isa = PBXGroup;
			children = (
				88DEE420295BCE4A00745690 /* CTest */,
				88DEE41F295BCE4A00745690 /* Products */,
			);
			sourceTree = "<group>";
		};
		88DEE41F295BCE4A00745690 /* Products */ = {
			isa = PBXGroup;
			children = (
				88DEE41E295BCE4A00745690 /* CTest */,
			);
			name = Products;
			sourceTree = "<group>";
		};
		88DEE420295BCE4A00745690 /* CTest */ = {
			isa = PBXGroup;
			children = (
				884C4A29295FDC0500E33559 /* math */,
				8871AE7D295E7D8B00F9D6C9 /* list */,
				8871AE79295E6AD400F9D6C9 /* string */,
				88A03AD1295D2ACE006DDE34 /* sort */,
				88DEE42C295BE31F00745690 /* enum */,
				88DEE428295BCE5000745690 /* input */,
				88DEE421295BCE4A00745690 /* main.cpp */,
			);
			path = CTest;
			sourceTree = "<group>";
		};
		88DEE428295BCE5000745690 /* input */ = {
			isa = PBXGroup;
			children = (
				88DEE429295BCE6300745690 /* CaseInput.cpp */,
				88DEE42A295BCE6300745690 /* CaseInput.hpp */,
			);
			path = input;
			sourceTree = "<group>";
		};
		88DEE42C295BE31F00745690 /* enum */ = {
			isa = PBXGroup;
			children = (
				88DEE42D295BE34800745690 /* EnumTest.cpp */,
				88DEE42E295BE34800745690 /* EnumTest.hpp */,
			);
			path = enum;
			sourceTree = "<group>";
		};
/* End PBXGroup section */

/* Begin PBXNativeTarget section */
		88DEE41D295BCE4A00745690 /* CTest */ = {
			isa = PBXNativeTarget;
			buildConfigurationList = 88DEE425295BCE4A00745690 /* Build configuration list for PBXNativeTarget "CTest" */;
			buildPhases = (
				88DEE41A295BCE4A00745690 /* Sources */,
				88DEE41B295BCE4A00745690 /* Frameworks */,
				88DEE41C295BCE4A00745690 /* CopyFiles */,
			);
			buildRules = (
			);
			dependencies = (
			);
			name = CTest;
			productName = CTest;
			productReference = 88DEE41E295BCE4A00745690 /* CTest */;
			productType = "com.apple.product-type.tool";
		};
/* End PBXNativeTarget section */

/* Begin PBXProject section */
		88DEE416295BCE4A00745690 /* Project object */ = {
			isa = PBXProject;
			attributes = {
				BuildIndependentTargetsInParallel = 1;
				LastUpgradeCheck = 1410;
				TargetAttributes = {
					88DEE41D295BCE4A00745690 = {
						CreatedOnToolsVersion = 14.1;
					};
				};
			};
			buildConfigurationList = 88DEE419295BCE4A00745690 /* Build configuration list for PBXProject "CTest" */;
			compatibilityVersion = "Xcode 14.0";
			developmentRegion = en;
			hasScannedForEncodings = 0;
			knownRegions = (
				en,
				Base,
			);
			mainGroup = 88DEE415295BCE4A00745690;
			productRefGroup = 88DEE41F295BCE4A00745690 /* Products */;
			projectDirPath = "";
			projectRoot = "";
			targets = (
				88DEE41D295BCE4A00745690 /* CTest */,
			);
		};
/* End PBXProject section */

/* Begin PBXSourcesBuildPhase section */
		88DEE41A295BCE4A00745690 /* Sources */ = {
			isa = PBXSourcesBuildPhase;
			buildActionMask = 2147483647;
			files = (
				88DEE42B295BCE6300745690 /* CaseInput.cpp in Sources */,
				8871AE83295E81C800F9D6C9 /* QueueTest.cpp in Sources */,
				88A03AD4295D2AE2006DDE34 /* SortTest.cpp in Sources */,
				8871AE80295E7EED00F9D6C9 /* VectorTest.cpp in Sources */,
				884C4A28295FD0D900E33559 /* StackTest.cpp in Sources */,
				88DEE422295BCE4A00745690 /* main.cpp in Sources */,
				8871AE7C295E6AE400F9D6C9 /* StringTest.cpp in Sources */,
				884C4A2D295FDC8700E33559 /* MathTest.cpp in Sources */,
				88DEE42F295BE34800745690 /* EnumTest.cpp in Sources */,
			);
			runOnlyForDeploymentPostprocessing = 0;
		};
/* End PBXSourcesBuildPhase section */

/* Begin XCBuildConfiguration section */
		88DEE423295BCE4A00745690 /* Debug */ = {
			isa = XCBuildConfiguration;
			buildSettings = {
				ALWAYS_SEARCH_USER_PATHS = NO;
				CLANG_ANALYZER_NONNULL = YES;
				CLANG_ANALYZER_NUMBER_OBJECT_CONVERSION = YES_AGGRESSIVE;
				CLANG_CXX_LANGUAGE_STANDARD = "gnu++20";
				CLANG_ENABLE_MODULES = YES;
				CLANG_ENABLE_OBJC_ARC = YES;
				CLANG_ENABLE_OBJC_WEAK = YES;
				CLANG_WARN_BLOCK_CAPTURE_AUTORELEASING = YES;
				CLANG_WARN_BOOL_CONVERSION = YES;
				CLANG_WARN_COMMA = YES;
				CLANG_WARN_CONSTANT_CONVERSION = YES;
				CLANG_WARN_DEPRECATED_OBJC_IMPLEMENTATIONS = YES;
				CLANG_WARN_DIRECT_OBJC_ISA_USAGE = YES_ERROR;
				CLANG_WARN_DOCUMENTATION_COMMENTS = YES;
				CLANG_WARN_EMPTY_BODY = YES;
				CLANG_WARN_ENUM_CONVERSION = YES;
				CLANG_WARN_INFINITE_RECURSION = YES;
				CLANG_WARN_INT_CONVERSION = YES;
				CLANG_WARN_NON_LITERAL_NULL_CONVERSION = YES;
				CLANG_WARN_OBJC_IMPLICIT_RETAIN_SELF = YES;
				CLANG_WARN_OBJC_LITERAL_CONVERSION = YES;
				CLANG_WARN_OBJC_ROOT_CLASS = YES_ERROR;
				CLANG_WARN_QUOTED_INCLUDE_IN_FRAMEWORK_HEADER = YES;
				CLANG_WARN_RANGE_LOOP_ANALYSIS = YES;
				CLANG_WARN_STRICT_PROTOTYPES = YES;
				CLANG_WARN_SUSPICIOUS_MOVE = YES;
				CLANG_WARN_UNGUARDED_AVAILABILITY = YES_AGGRESSIVE;
				CLANG_WARN_UNREACHABLE_CODE = YES;
				CLANG_WARN__DUPLICATE_METHOD_MATCH = YES;
				COPY_PHASE_STRIP = NO;
				DEBUG_INFORMATION_FORMAT = dwarf;
				ENABLE_STRICT_OBJC_MSGSEND = YES;
				ENABLE_TESTABILITY = YES;
				GCC_C_LANGUAGE_STANDARD = gnu11;
				GCC_DYNAMIC_NO_PIC = NO;
				GCC_NO_COMMON_BLOCKS = YES;
				GCC_OPTIMIZATION_LEVEL = 0;
				GCC_PREPROCESSOR_DEFINITIONS = (
					"DEBUG=1",
					"$(inherited)",
				);
				GCC_WARN_64_TO_32_BIT_CONVERSION = YES;
				GCC_WARN_ABOUT_RETURN_TYPE = YES_ERROR;
				GCC_WARN_UNDECLARED_SELECTOR = YES;
				GCC_WARN_UNINITIALIZED_AUTOS = YES_AGGRESSIVE;
				GCC_WARN_UNUSED_FUNCTION = YES;
				GCC_WARN_UNUSED_VARIABLE = YES;
				MACOSX_DEPLOYMENT_TARGET = 13.0;
				MTL_ENABLE_DEBUG_INFO = INCLUDE_SOURCE;
				MTL_FAST_MATH = YES;
				ONLY_ACTIVE_ARCH = YES;
				SDKROOT = macosx;
			};
			name = Debug;
		};
		88DEE424295BCE4A00745690 /* Release */ = {
			isa = XCBuildConfiguration;
			buildSettings = {
				ALWAYS_SEARCH_USER_PATHS = NO;
				CLANG_ANALYZER_NONNULL = YES;
				CLANG_ANALYZER_NUMBER_OBJECT_CONVERSION = YES_AGGRESSIVE;
				CLANG_CXX_LANGUAGE_STANDARD = "gnu++20";
				CLANG_ENABLE_MODULES = YES;
				CLANG_ENABLE_OBJC_ARC = YES;
				CLANG_ENABLE_OBJC_WEAK = YES;
				CLANG_WARN_BLOCK_CAPTURE_AUTORELEASING = YES;
				CLANG_WARN_BOOL_CONVERSION = YES;
				CLANG_WARN_COMMA = YES;
				CLANG_WARN_CONSTANT_CONVERSION = YES;
				CLANG_WARN_DEPRECATED_OBJC_IMPLEMENTATIONS = YES;
				CLANG_WARN_DIRECT_OBJC_ISA_USAGE = YES_ERROR;
				CLANG_WARN_DOCUMENTATION_COMMENTS = YES;
				CLANG_WARN_EMPTY_BODY = YES;
				CLANG_WARN_ENUM_CONVERSION = YES;
				CLANG_WARN_INFINITE_RECURSION = YES;
				CLANG_WARN_INT_CONVERSION = YES;
				CLANG_WARN_NON_LITERAL_NULL_CONVERSION = YES;
				CLANG_WARN_OBJC_IMPLICIT_RETAIN_SELF = YES;
				CLANG_WARN_OBJC_LITERAL_CONVERSION = YES;
				CLANG_WARN_OBJC_ROOT_CLASS = YES_ERROR;
				CLANG_WARN_QUOTED_INCLUDE_IN_FRAMEWORK_HEADER = YES;
				CLANG_WARN_RANGE_LOOP_ANALYSIS = YES;
				CLANG_WARN_STRICT_PROTOTYPES = YES;
				CLANG_WARN_SUSPICIOUS_MOVE = YES;
				CLANG_WARN_UNGUARDED_AVAILABILITY = YES_AGGRESSIVE;
				CLANG_WARN_UNREACHABLE_CODE = YES;
				CLANG_WARN__DUPLICATE_METHOD_MATCH = YES;
				COPY_PHASE_STRIP = NO;
				DEBUG_INFORMATION_FORMAT = "dwarf-with-dsym";
				ENABLE_NS_ASSERTIONS = NO;
				ENABLE_STRICT_OBJC_MSGSEND = YES;
				GCC_C_LANGUAGE_STANDARD = gnu11;
				GCC_NO_COMMON_BLOCKS = YES;
				GCC_WARN_64_TO_32_BIT_CONVERSION = YES;
				GCC_WARN_ABOUT_RETURN_TYPE = YES_ERROR;
				GCC_WARN_UNDECLARED_SELECTOR = YES;
				GCC_WARN_UNINITIALIZED_AUTOS = YES_AGGRESSIVE;
				GCC_WARN_UNUSED_FUNCTION = YES;
				GCC_WARN_UNUSED_VARIABLE = YES;
				MACOSX_DEPLOYMENT_TARGET = 13.0;
				MTL_ENABLE_DEBUG_INFO = NO;
				MTL_FAST_MATH = YES;
				SDKROOT = macosx;
			};
			name = Release;
		};
		88DEE426295BCE4A00745690 /* Debug */ = {
			isa = XCBuildConfiguration;
			buildSettings = {
				CODE_SIGN_STYLE = Automatic;
				DEVELOPMENT_TEAM = NSJM2J9JJK;
				ENABLE_HARDENED_RUNTIME = YES;
				PRODUCT_NAME = "$(TARGET_NAME)";
			};
			name = Debug;
		};
		88DEE427295BCE4A00745690 /* Release */ = {
			isa = XCBuildConfiguration;
			buildSettings = {
				CODE_SIGN_STYLE = Automatic;
				DEVELOPMENT_TEAM = NSJM2J9JJK;
				ENABLE_HARDENED_RUNTIME = YES;
				PRODUCT_NAME = "$(TARGET_NAME)";
			};
			name = Release;
		};
/* End XCBuildConfiguration section */

/* Begin XCConfigurationList section */
		88DEE419295BCE4A00745690 /* Build configuration list for PBXProject "CTest" */ = {
			isa = XCConfigurationList;
			buildConfigurations = (
				88DEE423295BCE4A00745690 /* Debug */,
				88DEE424295BCE4A00745690 /* Release */,
			);
			defaultConfigurationIsVisible = 0;
			defaultConfigurationName = Release;
		};
		88DEE425295BCE4A00745690 /* Build configuration list for PBXNativeTarget "CTest" */ = {
			isa = XCConfigurationList;
			buildConfigurations = (
				88DEE426295BCE4A00745690 /* Debug */,
				88DEE427295BCE4A00745690 /* Release */,
			);
			defaultConfigurationIsVisible = 0;
			defaultConfigurationName = Release;
		};
/* End XCConfigurationList section */
	};
	rootObject = 88DEE416295BCE4A00745690 /* Project object */;
}
